// !$*UTF8*$!
{
	archiveVersion = 1;
	classes = {
	};
	objectVersion = 50;
	objects = {

/* Begin PBXBuildFile section */
		BF88306F24C094BE00124F5D /* AppDelegate.swift in Sources */ = {isa = PBXBuildFile; fileRef = BF88306E24C094BE00124F5D /* AppDelegate.swift */; };
		BF88307124C094BE00124F5D /* SceneDelegate.swift in Sources */ = {isa = PBXBuildFile; fileRef = BF88307024C094BE00124F5D /* SceneDelegate.swift */; };
		BF88307324C094BE00124F5D /* ViewController.swift in Sources */ = {isa = PBXBuildFile; fileRef = BF88307224C094BE00124F5D /* ViewController.swift */; };
		BF88307624C094BE00124F5D /* Main.storyboard in Resources */ = {isa = PBXBuildFile; fileRef = BF88307424C094BE00124F5D /* Main.storyboard */; };
		BF88307824C094C000124F5D /* Assets.xcassets in Resources */ = {isa = PBXBuildFile; fileRef = BF88307724C094C000124F5D /* Assets.xcassets */; };
		BF88307B24C094C000124F5D /* LaunchScreen.storyboard in Resources */ = {isa = PBXBuildFile; fileRef = BF88307924C094C000124F5D /* LaunchScreen.storyboard */; };
/* End PBXBuildFile section */

/* Begin PBXFileReference section */
		BF88306B24C094BE00124F5D /* SettingsBundleUUID.app */ = {isa = PBXFileReference; explicitFileType = wrapper.application; includeInIndex = 0; path = SettingsBundleUUID.app; sourceTree = BUILT_PRODUCTS_DIR; };
		BF88306E24C094BE00124F5D /* AppDelegate.swift */ = {isa = PBXFileReference; lastKnownFileType = sourcecode.swift; path = AppDelegate.swift; sourceTree = "<group>"; };
		BF88307024C094BE00124F5D /* SceneDelegate.swift */ = {isa = PBXFileReference; lastKnownFileType = sourcecode.swift; path = SceneDelegate.swift; sourceTree = "<group>"; };
		BF88307224C094BE00124F5D /* ViewController.swift */ = {isa = PBXFileReference; lastKnownFileType = sourcecode.swift; path = ViewController.swift; sourceTree = "<group>"; };
		BF88307524C094BE00124F5D /* Base */ = {isa = PBXFileReference; lastKnownFileType = file.storyboard; name = Base; path = Base.lproj/Main.storyboard; sourceTree = "<group>"; };
		BF88307724C094C000124F5D /* Assets.xcassets */ = {isa = PBXFileReference; lastKnownFileType = folder.assetcatalog; path = Assets.xcassets; sourceTree = "<group>"; };
		BF88307A24C094C000124F5D /* Base */ = {isa = PBXFileReference; lastKnownFileType = file.storyboard; name = Base; path = Base.lproj/LaunchScreen.storyboard; sourceTree = "<group>"; };
		BF88307C24C094C000124F5D /* Info.plist */ = {isa = PBXFileReference; lastKnownFileType = text.plist.xml; path = Info.plist; sourceTree = "<group>"; };
/* End PBXFileReference section */

/* Begin PBXFrameworksBuildPhase section */
		BF88306824C094BE00124F5D /* Frameworks */ = {
			isa = PBXFrameworksBuildPhase;
			buildActionMask = 2147483647;
			files = (
			);
			runOnlyForDeploymentPostprocessing = 0;
		};
/* End PBXFrameworksBuildPhase section */

/* Begin PBXGroup section */
		BF88306224C094BD00124F5D = {
			isa = PBXGroup;
			children = (
				BF88306D24C094BE00124F5D /* SettingsBundleUUID */,
				BF88306C24C094BE00124F5D /* Products */,
			);
			sourceTree = "<group>";
		};
		BF88306C24C094BE00124F5D /* Products */ = {
			isa = PBXGroup;
			children = (
				BF88306B24C094BE00124F5D /* SettingsBundleUUID.app */,
			);
			name = Products;
			sourceTree = "<group>";
		};
		BF88306D24C094BE00124F5D /* SettingsBundleUUID */ = {
			isa = PBXGroup;
			children = (
				BF88306E24C094BE00124F5D /* AppDelegate.swift */,
				BF88307024C094BE00124F5D /* SceneDelegate.swift */,
				BF88307224C094BE00124F5D /* ViewController.swift */,
				BF88307424C094BE00124F5D /* Main.storyboard */,
				BF88307724C094C000124F5D /* Assets.xcassets */,
				BF88307924C094C000124F5D /* LaunchScreen.storyboard */,
				BF88307C24C094C000124F5D /* Info.plist */,
			);
			path = SettingsBundleUUID;
			sourceTree = "<group>";
		};
/* End PBXGroup section */

/* Begin PBXNativeTarget section */
		BF88306A24C094BE00124F5D /* SettingsBundleUUID */ = {
			isa = PBXNativeTarget;
			buildConfigurationList = BF88307F24C094C000124F5D /* Build configuration list for PBXNativeTarget "SettingsBundleUUID" */;
			buildPhases = (
				BF88306724C094BE00124F5D /* Sources */,
				BF88306824C094BE00124F5D /* Frameworks */,
				BF88306924C094BE00124F5D /* Resources */,
			);
			buildRules = (
			);
			dependencies = (
			);
			name = SettingsBundleUUID;
			productName = SettingsBundleUUID;
			productReference = BF88306B24C094BE00124F5D /* SettingsBundleUUID.app */;
			productType = "com.apple.product-type.application";
		};
/* End PBXNativeTarget section */

/* Begin PBXProject section */
		BF88306324C094BD00124F5D /* Project object */ = {
			isa = PBXProject;
			attributes = {
				LastSwiftUpdateCheck = 1150;
				LastUpgradeCheck = 1150;
				ORGANIZATIONNAME = "Hiroaki Tomiyoshi";
				TargetAttributes = {
					BF88306A24C094BE00124F5D = {
						CreatedOnToolsVersion = 11.5;
					};
				};
			};
			buildConfigurationList = BF88306624C094BD00124F5D /* Build configuration list for PBXProject "SettingsBundleUUID" */;
			compatibilityVersion = "Xcode 9.3";
			developmentRegion = en;
			hasScannedForEncodings = 0;
			knownRegions = (
				en,
				Base,
			);
			mainGroup = BF88306224C094BD00124F5D;
			productRefGroup = BF88306C24C094BE00124F5D /* Products */;
			projectDirPath = "";
			projectRoot = "";
			targets = (
				BF88306A24C094BE00124F5D /* SettingsBundleUUID */,
			);
		};
/* End PBXProject section */

/* Begin PBXResourcesBuildPhase section */
		BF88306924C094BE00124F5D /* Resources */ = {
			isa = PBXResourcesBuildPhase;
			buildActionMask = 2147483647;
			files = (
				BF88307B24C094C000124F5D /* LaunchScreen.storyboard in Resources */,
				BF88307824C094C000124F5D /* Assets.xcassets in Resources */,
				BF88307624C094BE00124F5D /* Main.storyboard in Resources */,
			);
			runOnlyForDeploymentPostprocessing = 0;
		};
/* End PBXResourcesBuildPhase section */

/* Begin PBXSourcesBuildPhase section */
		BF88306724C094BE00124F5D /* Sources */ = {
			isa = PBXSourcesBuildPhase;
			buildActionMask = 2147483647;
			files = (
				BF88307324C094BE00124F5D /* ViewController.swift in Sources */,
				BF88306F24C094BE00124F5D /* AppDelegate.swift in Sources */,
				BF88307124C094BE00124F5D /* SceneDelegate.swift in Sources */,
			);
			runOnlyForDeploymentPostprocessing = 0;
		};
/* End PBXSourcesBuildPhase section */

/* Begin PBXVariantGroup section */
		BF88307424C094BE00124F5D /* Main.storyboard */ = {
			isa = PBXVariantGroup;
			children = (
				BF88307524C094BE00124F5D /* Base */,
			);
			name = Main.storyboard;
			sourceTree = "<group>";
		};
		BF88307924C094C000124F5D /* LaunchScreen.storyboard */ = {
			isa = PBXVariantGroup;
			children = (
				BF88307A24C094C000124F5D /* Base */,
			);
			name = LaunchScreen.storyboard;
			sourceTree = "<group>";
		};
/* End PBXVariantGroup section */

/* Begin XCBuildConfiguration section */
		BF88307D24C094C000124F5D /* Debug */ = {
			isa = XCBuildConfiguration;
			buildSettings = {
				ALWAYS_SEARCH_USER_PATHS = NO;
				CLANG_ANALYZER_NONNULL = YES;
				CLANG_ANALYZER_NUMBER_OBJECT_CONVERSION = YES_AGGRESSIVE;
				CLANG_CXX_LANGUAGE_STANDARD = "gnu++14";
				CLANG_CXX_LIBRARY = "libc++";
				CLANG_ENABLE_MODULES = YES;
				CLANG_ENABLE_OBJC_ARC = YES;
				CLANG_ENABLE_OBJC_WEAK = YES;
				CLANG_WARN_BLOCK_CAPTURE_AUTORELEASING = YES;
				CLANG_WARN_BOOL_CONVERSION = YES;
				CLANG_WARN_COMMA = YES;
				CLANG_WARN_CONSTANT_CONVERSION = YES;
				CLANG_WARN_DEPRECATED_OBJC_IMPLEMENTATIONS = YES;
				CLANG_WARN_DIRECT_OBJC_ISA_USAGE = YES_ERROR;
				CLANG_WARN_DOCUMENTATION_COMMENTS = YES;
				CLANG_WARN_EMPTY_BODY = YES;
				CLANG_WARN_ENUM_CONVERSION = YES;
				CLANG_WARN_INFINITE_RECURSION = YES;
				CLANG_WARN_INT_CONVERSION = YES;
				CLANG_WARN_NON_LITERAL_NULL_CONVERSION = YES;
				CLANG_WARN_OBJC_IMPLICIT_RETAIN_SELF = YES;
				CLANG_WARN_OBJC_LITERAL_CONVERSION = YES;
				CLANG_WARN_OBJC_ROOT_CLASS = YES_ERROR;
				CLANG_WARN_RANGE_LOOP_ANALYSIS = YES;
				CLANG_WARN_STRICT_PROTOTYPES = YES;
				CLANG_WARN_SUSPICIOUS_MOVE = YES;
				CLANG_WARN_UNGUARDED_AVAILABILITY = YES_AGGRESSIVE;
				CLANG_WARN_UNREACHABLE_CODE = YES;
				CLANG_WARN__DUPLICATE_METHOD_MATCH = YES;
				COPY_PHASE_STRIP = NO;
				DEBUG_INFORMATION_FORMAT = dwarf;
				ENABLE_STRICT_OBJC_MSGSEND = YES;
				ENABLE_TESTABILITY = YES;
				GCC_C_LANGUAGE_STANDARD = gnu11;
				GCC_DYNAMIC_NO_PIC = NO;
				GCC_NO_COMMON_BLOCKS = YES;
				GCC_OPTIMIZATION_LEVEL = 0;
				GCC_PREPROCESSOR_DEFINITIONS = (
					"DEBUG=1",
					"$(inherited)",
				);
				GCC_WARN_64_TO_32_BIT_CONVERSION = YES;
				GCC_WARN_ABOUT_RETURN_TYPE = YES_ERROR;
				GCC_WARN_UNDECLARED_SELECTOR = YES;
				GCC_WARN_UNINITIALIZED_AUTOS = YES_AGGRESSIVE;
				GCC_WARN_UNUSED_FUNCTION = YES;
				GCC_WARN_UNUSED_VARIABLE = YES;
				IPHONEOS_DEPLOYMENT_TARGET = 13.5;
				MTL_ENABLE_DEBUG_INFO = INCLUDE_SOURCE;
				MTL_FAST_MATH = YES;
				ONLY_ACTIVE_ARCH = YES;
				SDKROOT = iphoneos;
				SWIFT_ACTIVE_COMPILATION_CONDITIONS = DEBUG;
				SWIFT_OPTIMIZATION_LEVEL = "-Onone";
			};
			name = Debug;
		};
		BF88307E24C094C000124F5D /* Release */ = {
			isa = XCBuildConfiguration;
			buildSettings = {
				ALWAYS_SEARCH_USER_PATHS = NO;
				CLANG_ANALYZER_NONNULL = YES;
				CLANG_ANALYZER_NUMBER_OBJECT_CONVERSION = YES_AGGRESSIVE;
				CLANG_CXX_LANGUAGE_STANDARD = "gnu++14";
				CLANG_CXX_LIBRARY = "libc++";
				CLANG_ENABLE_MODULES = YES;
				CLANG_ENABLE_OBJC_ARC = YES;
				CLANG_ENABLE_OBJC_WEAK = YES;
				CLANG_WARN_BLOCK_CAPTURE_AUTORELEASING = YES;
				CLANG_WARN_BOOL_CONVERSION = YES;
				CLANG_WARN_COMMA = YES;
				CLANG_WARN_CONSTANT_CONVERSION = YES;
				CLANG_WARN_DEPRECATED_OBJC_IMPLEMENTATIONS = YES;
				CLANG_WARN_DIRECT_OBJC_ISA_USAGE = YES_ERROR;
				CLANG_WARN_DOCUMENTATION_COMMENTS = YES;
				CLANG_WARN_EMPTY_BODY = YES;
				CLANG_WARN_ENUM_CONVERSION = YES;
				CLANG_WARN_INFINITE_RECURSION = YES;
				CLANG_WARN_INT_CONVERSION = YES;
				CLANG_WARN_NON_LITERAL_NULL_CONVERSION = YES;
				CLANG_WARN_OBJC_IMPLICIT_RETAIN_SELF = YES;
				CLANG_WARN_OBJC_LITERAL_CONVERSION = YES;
				CLANG_WARN_OBJC_ROOT_CLASS = YES_ERROR;
				CLANG_WARN_RANGE_LOOP_ANALYSIS = YES;
				CLANG_WARN_STRICT_PROTOTYPES = YES;
				CLANG_WARN_SUSPICIOUS_MOVE = YES;
				CLANG_WARN_UNGUARDED_AVAILABILITY = YES_AGGRESSIVE;
				CLANG_WARN_UNREACHABLE_CODE = YES;
				CLANG_WARN__DUPLICATE_METHOD_MATCH = YES;
				COPY_PHASE_STRIP = NO;
				DEBUG_INFORMATION_FORMAT = "dwarf-with-dsym";
				ENABLE_NS_ASSERTIONS = NO;
				ENABLE_STRICT_OBJC_MSGSEND = YES;
				GCC_C_LANGUAGE_STANDARD = gnu11;
				GCC_NO_COMMON_BLOCKS = YES;
				GCC_WARN_64_TO_32_BIT_CONVERSION = YES;
				GCC_WARN_ABOUT_RETURN_TYPE = YES_ERROR;
				GCC_WARN_UNDECLARED_SELECTOR = YES;
				GCC_WARN_UNINITIALIZED_AUTOS = YES_AGGRESSIVE;
				GCC_WARN_UNUSED_FUNCTION = YES;
				GCC_WARN_UNUSED_VARIABLE = YES;
				IPHONEOS_DEPLOYMENT_TARGET = 13.5;
				MTL_ENABLE_DEBUG_INFO = NO;
				MTL_FAST_MATH = YES;
				SDKROOT = iphoneos;
				SWIFT_COMPILATION_MODE = wholemodule;
				SWIFT_OPTIMIZATION_LEVEL = "-O";
				VALIDATE_PRODUCT = YES;
			};
			name = Release;
		};
		BF88308024C094C000124F5D /* Debug */ = {
			isa = XCBuildConfiguration;
			buildSettings = {
				ASSETCATALOG_COMPILER_APPICON_NAME = AppIcon;
				CODE_SIGN_STYLE = Automatic;
				DEVELOPMENT_TEAM = 6SLTD5V4AC;
				INFOPLIST_FILE = SettingsBundleUUID/Info.plist;
				LD_RUNPATH_SEARCH_PATHS = (
					"$(inherited)",
					"@executable_path/Frameworks",
				);
				PRODUCT_BUNDLE_IDENTIFIER = com.tommy10344.SettingsBundleUUID;
				PRODUCT_NAME = "$(TARGET_NAME)";
				SWIFT_VERSION = 5.0;
				TARGETED_DEVICE_FAMILY = "1,2";
			};
			name = Debug;
		};
		BF88308124C094C000124F5D /* Release */ = {
			isa = XCBuildConfiguration;
			buildSettings = {
				ASSETCATALOG_COMPILER_APPICON_NAME = AppIcon;
				CODE_SIGN_STYLE = Automatic;
				DEVELOPMENT_TEAM = 6SLTD5V4AC;
				INFOPLIST_FILE = SettingsBundleUUID/Info.plist;
				LD_RUNPATH_SEARCH_PATHS = (
					"$(inherited)",
					"@executable_path/Frameworks",
				);
				PRODUCT_BUNDLE_IDENTIFIER = com.tommy10344.SettingsBundleUUID;
				PRODUCT_NAME = "$(TARGET_NAME)";
				SWIFT_VERSION = 5.0;
				TARGETED_DEVICE_FAMILY = "1,2";
			};
			name = Release;
		};
/* End XCBuildConfiguration section */

/* Begin XCConfigurationList section */
		BF88306624C094BD00124F5D /* Build configuration list for PBXProject "SettingsBundleUUID" */ = {
			isa = XCConfigurationList;
			buildConfigurations = (
				BF88307D24C094C000124F5D /* Debug */,
				BF88307E24C094C000124F5D /* Release */,
			);
			defaultConfigurationIsVisible = 0;
			defaultConfigurationName = Release;
		};
		BF88307F24C094C000124F5D /* Build configuration list for PBXNativeTarget "SettingsBundleUUID" */ = {
			isa = XCConfigurationList;
			buildConfigurations = (
				BF88308024C094C000124F5D /* Debug */,
				BF88308124C094C000124F5D /* Release */,
			);
			defaultConfigurationIsVisible = 0;
			defaultConfigurationName = Release;
		};
/* End XCConfigurationList section */
	};
	rootObject = BF88306324C094BD00124F5D /* Project object */;
}
